
Microsoft Visual Studio Solution File, Format Version 12.00
Project("{FAE04EC0-301F-11D3-BF4B-00C04F79EFBC}") = "Orleans.Sample.Web", "Orleans.Sample.Web\Orleans.Sample.Web.csproj", "{535FA175-288E-4316-9DB0-EA57A84BF95B}"
EndProject
Global
	GlobalSection(SolutionConfigurationPlatforms) = preSolution
		Debug|Any CPU = Debug|Any CPU
		Release|Any CPU = Release|Any CPU
	EndGlobalSection
	GlobalSection(ProjectConfigurationPlatforms) = postSolution
		{535FA175-288E-4316-9DB0-EA57A84BF95B}.Debug|Any CPU.ActiveCfg = Debug|Any CPU
		{535FA175-288E-4316-9DB0-EA57A84BF95B}.Debug|Any CPU.Build.0 = Debug|Any CPU
		{535FA175-288E-4316-9DB0-EA57A84BF95B}.Release|Any CPU.ActiveCfg = Release|Any CPU
		{535FA175-288E-4316-9DB0-EA57A84BF95B}.Release|Any CPU.Build.0 = Release|Any CPU
	EndGlobalSection
EndGlobal
